{
  "name": "narenchoudhary/generateid",
  "version": "1.0.4",
  "lockfileVersion": 3,
  "requires": true,
  "packages": {
    "": {
      "name": "narenchoudhary/generateid",
      "version": "1.0.4",
      "license": "ISC",
      "dependencies": {
        "@narenchoudhary/generateid": "^1.0.0",
        "generate-id": "^2.0.1"
      }
    },
    "../../usr/local/share/nvm/versions/node/v20.8.1/lib/node_modules/generate-id": {
      "version": "2.0.1",
      "license": "ISC",
      "dependencies": {
        "assert": "^1.3.0"
      }
    },
    "../../usr/local/share/nvm/versions/node/v20.8.1/lib/node_modules/generate-id/node_modules/assert": {
      "version": "1.5.1",
      "license": "MIT",
      "dependencies": {
        "object.assign": "^4.1.4",
        "util": "^0.10.4"
      }
    },
    "../../usr/local/share/nvm/versions/node/v20.8.1/lib/node_modules/generate-id/node_modules/call-bind": {
      "version": "1.0.5",
      "license": "MIT",
      "dependencies": {
        "function-bind": "^1.1.2",
        "get-intrinsic": "^1.2.1",
        "set-function-length": "^1.1.1"
      },
      "funding": {
        "url": "https://github.com/sponsors/ljharb"
      }
    },
    "../../usr/local/share/nvm/versions/node/v20.8.1/lib/node_modules/generate-id/node_modules/define-data-property": {
      "version": "1.1.1",
      "license": "MIT",
      "dependencies": {
        "get-intrinsic": "^1.2.1",
        "gopd": "^1.0.1",
        "has-property-descriptors": "^1.0.0"
      },
      "engines": {
        "node": ">= 0.4"
      }
    },
    "../../usr/local/share/nvm/versions/node/v20.8.1/lib/node_modules/generate-id/node_modules/define-properties": {
      "version": "1.2.1",
      "license": "MIT",
      "dependencies": {
        "define-data-property": "^1.0.1",
        "has-property-descriptors": "^1.0.0",
        "object-keys": "^1.1.1"
      },
      "engines": {
        "node": ">= 0.4"
      },
      "funding": {
        "url": "https://github.com/sponsors/ljharb"
      }
    },
    "../../usr/local/share/nvm/versions/node/v20.8.1/lib/node_modules/generate-id/node_modules/function-bind": {
      "version": "1.1.2",
      "license": "MIT",
      "funding": {
        "url": "https://github.com/sponsors/ljharb"
      }
    },
    "../../usr/local/share/nvm/versions/node/v20.8.1/lib/node_modules/generate-id/node_modules/get-intrinsic": {
      "version": "1.2.2",
      "license": "MIT",
      "dependencies": {
        "function-bind": "^1.1.2",
        "has-proto": "^1.0.1",
        "has-symbols": "^1.0.3",
        "hasown": "^2.0.0"
      },
      "funding": {
        "url": "https://github.com/sponsors/ljharb"
      }
    },
    "../../usr/local/share/nvm/versions/node/v20.8.1/lib/node_modules/generate-id/node_modules/gopd": {
      "version": "1.0.1",
      "license": "MIT",
      "dependencies": {
        "get-intrinsic": "^1.1.3"
      },
      "funding": {
        "url": "https://github.com/sponsors/ljharb"
      }
    },
    "../../usr/local/share/nvm/versions/node/v20.8.1/lib/node_modules/generate-id/node_modules/has-property-descriptors": {
      "version": "1.0.1",
      "license": "MIT",
      "dependencies": {
        "get-intrinsic": "^1.2.2"
      },
      "funding": {
        "url": "https://github.com/sponsors/ljharb"
      }
    },
    "../../usr/local/share/nvm/versions/node/v20.8.1/lib/node_modules/generate-id/node_modules/has-proto": {
      "version": "1.0.1",
      "license": "MIT",
      "engines": {
        "node": ">= 0.4"
      },
      "funding": {
        "url": "https://github.com/sponsors/ljharb"
      }
    },
    "../../usr/local/share/nvm/versions/node/v20.8.1/lib/node_modules/generate-id/node_modules/has-symbols": {
      "version": "1.0.3",
      "license": "MIT",
      "engines": {
        "node": ">= 0.4"
      },
      "funding": {
        "url": "https://github.com/sponsors/ljharb"
      }
    },
    "../../usr/local/share/nvm/versions/node/v20.8.1/lib/node_modules/generate-id/node_modules/hasown": {
      "version": "2.0.0",
      "license": "MIT",
      "dependencies": {
        "function-bind": "^1.1.2"
      },
      "engines": {
        "node": ">= 0.4"
      }
    },
    "../../usr/local/share/nvm/versions/node/v20.8.1/lib/node_modules/generate-id/node_modules/inherits": {
      "version": "2.0.3",
      "license": "ISC"
    },
    "../../usr/local/share/nvm/versions/node/v20.8.1/lib/node_modules/generate-id/node_modules/object-keys": {
      "version": "1.1.1",
      "license": "MIT",
      "engines": {
        "node": ">= 0.4"
      }
    },
    "../../usr/local/share/nvm/versions/node/v20.8.1/lib/node_modules/generate-id/node_modules/object.assign": {
      "version": "4.1.4",
      "license": "MIT",
      "dependencies": {
        "call-bind": "^1.0.2",
        "define-properties": "^1.1.4",
        "has-symbols": "^1.0.3",
        "object-keys": "^1.1.1"
      },
      "engines": {
        "node": ">= 0.4"
      },
      "funding": {
        "url": "https://github.com/sponsors/ljharb"
      }
    },
    "../../usr/local/share/nvm/versions/node/v20.8.1/lib/node_modules/generate-id/node_modules/set-function-length": {
      "version": "1.1.1",
      "license": "MIT",
      "dependencies": {
        "define-data-property": "^1.1.1",
        "get-intrinsic": "^1.2.1",
        "gopd": "^1.0.1",
        "has-property-descriptors": "^1.0.0"
      },
      "engines": {
        "node": ">= 0.4"
      }
    },
    "../../usr/local/share/nvm/versions/node/v20.8.1/lib/node_modules/generate-id/node_modules/util": {
      "version": "0.10.4",
      "license": "MIT",
      "dependencies": {
        "inherits": "2.0.3"
      }
    },
    "node_modules/@narenchoudhary/generateid": {
      "version": "1.0.0",
      "resolved": "https://registry.npmjs.org/@narenchoudhary/generateid/-/generateid-1.0.0.tgz",
      "integrity": "sha512-5hoRpiXFGRqdEpRx2Ciaz3zThWoTbhDf0bYkQiZwQXXhh4SFZoKYBthvCoEuVYD5CSdtVh8agjBbCs/DD5jeUA==",
      "dependencies": {
        "generate-id": "^2.0.1"
      }
    },
    "node_modules/generate-id": {
      "resolved": "../../usr/local/share/nvm/versions/node/v20.8.1/lib/node_modules/generate-id",
      "link": true
    }
  }
}
